
Microsoft Visual Studio Solution File, Format Version 12.00
# Visual Studio Version 17
VisualStudioVersion = 17.1.32319.34
MinimumVisualStudioVersion = 10.0.40219.1
Project("{FAE04EC0-301F-11D3-BF4B-00C04F79EFBC}") = "Ecommerce", "Ecommerce.csproj", "{847EE6F7-941F-442E-8527-7CA8FF6D3C1C}"
EndProject
Global
	GlobalSection(SolutionConfigurationPlatforms) = preSolution
		Debug|Any CPU = Debug|Any CPU
		Release|Any CPU = Release|Any CPU
	EndGlobalSection
	GlobalSection(ProjectConfigurationPlatforms) = postSolution
		{847EE6F7-941F-442E-8527-7CA8FF6D3C1C}.Debug|Any CPU.ActiveCfg = Debug|Any CPU
		{847EE6F7-941F-442E-8527-7CA8FF6D3C1C}.Debug|Any CPU.Build.0 = Debug|Any CPU
		{847EE6F7-941F-442E-8527-7CA8FF6D3C1C}.Release|Any CPU.ActiveCfg = Release|Any CPU
		{847EE6F7-941F-442E-8527-7CA8FF6D3C1C}.Release|Any CPU.Build.0 = Release|Any CPU
	EndGlobalSection
	GlobalSection(SolutionProperties) = preSolution
		HideSolutionNode = FALSE
	EndGlobalSection
	GlobalSection(ExtensibilityGlobals) = postSolution
		SolutionGuid = {47450203-2709-42A9-B680-8839F4242ED6}
	EndGlobalSection
EndGlobal
